
Microsoft Visual Studio Solution File, Format Version 12.00
# Visual Studio Version 16
VisualStudioVersion = 16.0.31129.286
MinimumVisualStudioVersion = 10.0.40219.1
Project("{FAE04EC0-301F-11D3-BF4B-00C04F79EFBC}") = "Samikshya_Linq_Experiments_Part1", "Samikshya_Linq_Experiments_Part1\Samikshya_Linq_Experiments_Part1.csproj", "{99149463-A33B-41F0-91A2-A62F0B546301}"
EndProject
Global
	GlobalSection(SolutionConfigurationPlatforms) = preSolution
		Debug|Any CPU = Debug|Any CPU
		Release|Any CPU = Release|Any CPU
	EndGlobalSection
	GlobalSection(ProjectConfigurationPlatforms) = postSolution
		{99149463-A33B-41F0-91A2-A62F0B546301}.Debug|Any CPU.ActiveCfg = Debug|Any CPU
		{99149463-A33B-41F0-91A2-A62F0B546301}.Debug|Any CPU.Build.0 = Debug|Any CPU
		{99149463-A33B-41F0-91A2-A62F0B546301}.Release|Any CPU.ActiveCfg = Release|Any CPU
		{99149463-A33B-41F0-91A2-A62F0B546301}.Release|Any CPU.Build.0 = Release|Any CPU
	EndGlobalSection
	GlobalSection(SolutionProperties) = preSolution
		HideSolutionNode = FALSE
	EndGlobalSection
	GlobalSection(ExtensibilityGlobals) = postSolution
		SolutionGuid = {89183CAC-87E5-4771-B2D9-DEF42CF1F082}
	EndGlobalSection
EndGlobal
